
Microsoft Visual Studio Solution File, Format Version 12.00
# Visual Studio 15
VisualStudioVersion = 15.0.27004.2005
MinimumVisualStudioVersion = 10.0.40219.1
Project("{9A19103F-16F7-4668-BE54-9A1E7A4F7556}") = "Biod.Api.Core", "Biod.Api.Core\Biod.Api.Core.csproj", "{909FF725-9DDB-4998-A4D0-1CD82BBC78A0}"
EndProject
Project("{FAE04EC0-301F-11D3-BF4B-00C04F79EFBC}") = "Biod.Surveillance", "Biod.Surveillance\Biod.Surveillance.csproj", "{EEBAAD25-B7EF-4363-A349-36D6BE49C11B}"
EndProject
Project("{FAE04EC0-301F-11D3-BF4B-00C04F79EFBC}") = "Biod.SyncConsole", "Biod.SyncConsole\Biod.SyncConsole.csproj", "{A07FE12C-AD73-432A-AE0A-78051445A9EC}"
EndProject
Project("{FAE04EC0-301F-11D3-BF4B-00C04F79EFBC}") = "Biod.SqlServer.Clr", "Biod.SqlServer.Clr\Biod.SqlServer.Clr.csproj", "{32CDA1D4-B3B2-4D19-B4B0-CD2980AD4EC5}"
EndProject
Project("{9A19103F-16F7-4668-BE54-9A1E7A4F7556}") = "Biod.AuthServer.Core", "Biod.AuthServer.Core\Biod.AuthServer.Core.csproj", "{89E8C6F0-E7DE-4078-8F94-F1D9AB234A96}"
EndProject
Project("{FAE04EC0-301F-11D3-BF4B-00C04F79EFBC}") = "Biod.SignalR.Postgres", "Biod.SignalR.Postgres\Biod.SignalR.Postgres.csproj", "{63EF7292-0EE6-4377-917A-EDBE481442D9}"
EndProject
Project("{9A19103F-16F7-4668-BE54-9A1E7A4F7556}") = "Biod.Zebra.Web.Mvc.Core", "Biod.Zebra.Web.Mvc.Core\Biod.Zebra.Web.Mvc.Core.csproj", "{295054E3-CB0B-4112-9182-5EB4E0EC73A1}"
EndProject
Project("{9A19103F-16F7-4668-BE54-9A1E7A4F7556}") = "Biod.Zebra.Api.Core", "Biod.Zebra.Api.Core\Biod.Zebra.Api.Core.csproj", "{4FAF7703-1F59-4129-BDC9-02DD118E7B4A}"
EndProject
Project("{9A19103F-16F7-4668-BE54-9A1E7A4F7556}") = "Biod.Zebra.Api.Core.Client.Test", "Biod.Zebra.Api.Core.Client.Test\Biod.Zebra.Api.Core.Client.Test.csproj", "{34002119-2D13-4DDA-87D8-DEF73C32ADC0}"
EndProject
Project("{FAE04EC0-301F-11D3-BF4B-00C04F79EFBC}") = "Biod.Zebra", "Biod.Zebra\Biod.Zebra.csproj", "{A4CA859E-7FA0-422B-A81F-459251706AAF}"
EndProject
Project("{FAE04EC0-301F-11D3-BF4B-00C04F79EFBC}") = "Biod.George.Api", "Biod.George.Api\Biod.George.Api.csproj", "{9D2CAE55-071B-402A-B68C-5D2996170BA2}"
EndProject
Project("{00D1A9C2-B5F0-4AF3-8072-F6C62B433612}") = "Biod.George.Database", "Biod.George.Database\Biod.George.Database.sqlproj", "{6891FD6A-6421-4D77-9597-146088878142}"
EndProject
Project("{00D1A9C2-B5F0-4AF3-8072-F6C62B433612}") = "Biod.Zebra.Database", "Biod.Zebra.Database\Biod.Zebra.Database.sqlproj", "{40BFA3BD-59F2-435D-ADC9-4F3CA25E5275}"
EndProject
Project("{FAE04EC0-301F-11D3-BF4B-00C04F79EFBC}") = "Biod.Surveillance.SyncConsole.Client", "Biod.Surveillance.SyncConsole.Client\Biod.Surveillance.SyncConsole.Client.csproj", "{AEFE682C-42D3-46E1-81BF-C7B6CA912537}"
EndProject
Project("{FAE04EC0-301F-11D3-BF4B-00C04F79EFBC}") = "Biod.Zebra.Api", "Biod.Zebra.Api\Biod.Zebra.Api.csproj", "{65C1FDE7-4802-49FB-BC28-F6480B3EA4E6}"
EndProject
Project("{DA7A21FA-8162-4350-AD77-A8D1B671F3ED}") = "Biod.Zebra.Api.RScript", "Biod.Zebra.Api.RScript\Biod.Zebra.Api.RScript.rxproj", "{946E3599-4EB8-41AC-A7FD-EFE9D44BDA45}"
EndProject
Project("{FAE04EC0-301F-11D3-BF4B-00C04F79EFBC}") = "Biod.Surveillance.Zebra.SyncConsole", "Biod.Surveillance.Zebra.SyncConsole\Biod.Surveillance.Zebra.SyncConsole.csproj", "{DAD32C57-427D-437C-AE75-196720583D7B}"
EndProject
Project("{00D1A9C2-B5F0-4AF3-8072-F6C62B433612}") = "Biod.Surveillance.Database", "Biod.Surveillance.Database\Biod.Surveillance.Database.sqlproj", "{0BB825FC-98BB-4FEE-94C8-DF0BAF4A999F}"
EndProject
Project("{FAE04EC0-301F-11D3-BF4B-00C04F79EFBC}") = "Biod.Solution.UnitTest", "Biod.Solution.UnitTest\Biod.Solution.UnitTest.csproj", "{3799573D-2396-4A7F-8573-15BCA6B9D540}"
EndProject
Project("{FAE04EC0-301F-11D3-BF4B-00C04F79EFBC}") = "Biod.Zebra.Database.UnitTest", "Biod.Zebra.Database.UnitTest\Biod.Zebra.Database.UnitTest.csproj", "{B1D59302-7089-4ECC-9B86-FD8141F0A912}"
EndProject
Project("{888888A0-9F3D-457C-B088-3A5042F75D52}") = "Biod.Zebra.Api.PyScript", "Biod.Zebra.Api.PyScript\Biod.Zebra.Api.PyScript.pyproj", "{3439386B-275F-42B3-BD80-08D48FF4F7ED}"
EndProject
Project("{FAE04EC0-301F-11D3-BF4B-00C04F79EFBC}") = "Biod.Zebra.Library", "Biod.Zebra.Library\Biod.Zebra.Library.csproj", "{A30CE11D-F923-4F23-B85D-985B75EE6529}"
EndProject
Project("{FAE04EC0-301F-11D3-BF4B-00C04F79EFBC}") = "Biod.Diseases.SyncConsole", "Biod.Diseases.SyncConsole\Biod.Diseases.SyncConsole.csproj", "{E866572B-394F-4262-B5E7-D7326F0B8388}"
EndProject
Project("{FAE04EC0-301F-11D3-BF4B-00C04F79EFBC}") = "Biod.Zebra.WeeklyOperationConsole", "Biod.Zebra.WeeklyOperationConsole\Biod.Zebra.WeeklyOperationConsole.csproj", "{6F4CF833-4EAC-44B3-92DD-79F6C16606DA}"
EndProject
Project("{00D1A9C2-B5F0-4AF3-8072-F6C62B433612}") = "Biod.ProductSource.Database", "Biod.ProductSource.Database\Biod.ProductSource.Database.sqlproj", "{674631C7-4224-4B52-8BFE-7F5084E705F8}"
EndProject
Project("{159641D6-6404-4A2A-AE62-294DE0FE8301}") = "Biod.Diseases.Database.SSIS", "Biod.Diseases.Database.SSIS\Biod.Diseases.Database.SSIS.dtproj", "{12758736-3B77-4D90-8915-C79180070FFF}"
EndProject
Global
	GlobalSection(SolutionConfigurationPlatforms) = preSolution
		Debug|Any CPU = Debug|Any CPU
		Development|Any CPU = Development|Any CPU
		Release|Any CPU = Release|Any CPU
		Staging|Any CPU = Staging|Any CPU
		UAT|Any CPU = UAT|Any CPU
	EndGlobalSection
	GlobalSection(ProjectConfigurationPlatforms) = postSolution
		{909FF725-9DDB-4998-A4D0-1CD82BBC78A0}.Debug|Any CPU.ActiveCfg = Debug|Any CPU
		{909FF725-9DDB-4998-A4D0-1CD82BBC78A0}.Development|Any CPU.ActiveCfg = Debug|Any CPU
		{909FF725-9DDB-4998-A4D0-1CD82BBC78A0}.Development|Any CPU.Build.0 = Debug|Any CPU
		{909FF725-9DDB-4998-A4D0-1CD82BBC78A0}.Release|Any CPU.ActiveCfg = Release|Any CPU
		{909FF725-9DDB-4998-A4D0-1CD82BBC78A0}.Staging|Any CPU.ActiveCfg = Staging|Any CPU
		{909FF725-9DDB-4998-A4D0-1CD82BBC78A0}.UAT|Any CPU.ActiveCfg = UAT|Any CPU
		{EEBAAD25-B7EF-4363-A349-36D6BE49C11B}.Debug|Any CPU.ActiveCfg = Debug|Any CPU
		{EEBAAD25-B7EF-4363-A349-36D6BE49C11B}.Debug|Any CPU.Build.0 = Debug|Any CPU
		{EEBAAD25-B7EF-4363-A349-36D6BE49C11B}.Development|Any CPU.ActiveCfg = Debug|Any CPU
		{EEBAAD25-B7EF-4363-A349-36D6BE49C11B}.Development|Any CPU.Build.0 = Debug|Any CPU
		{EEBAAD25-B7EF-4363-A349-36D6BE49C11B}.Release|Any CPU.ActiveCfg = Release|Any CPU
		{EEBAAD25-B7EF-4363-A349-36D6BE49C11B}.Release|Any CPU.Build.0 = Release|Any CPU
		{EEBAAD25-B7EF-4363-A349-36D6BE49C11B}.Staging|Any CPU.ActiveCfg = Staging|Any CPU
		{EEBAAD25-B7EF-4363-A349-36D6BE49C11B}.Staging|Any CPU.Build.0 = Staging|Any CPU
		{EEBAAD25-B7EF-4363-A349-36D6BE49C11B}.UAT|Any CPU.ActiveCfg = UAT|Any CPU
		{EEBAAD25-B7EF-4363-A349-36D6BE49C11B}.UAT|Any CPU.Build.0 = UAT|Any CPU
		{A07FE12C-AD73-432A-AE0A-78051445A9EC}.Debug|Any CPU.ActiveCfg = Debug|Any CPU
		{A07FE12C-AD73-432A-AE0A-78051445A9EC}.Debug|Any CPU.Build.0 = Debug|Any CPU
		{A07FE12C-AD73-432A-AE0A-78051445A9EC}.Development|Any CPU.ActiveCfg = Debug|Any CPU
		{A07FE12C-AD73-432A-AE0A-78051445A9EC}.Development|Any CPU.Build.0 = Debug|Any CPU
		{A07FE12C-AD73-432A-AE0A-78051445A9EC}.Release|Any CPU.ActiveCfg = Release|Any CPU
		{A07FE12C-AD73-432A-AE0A-78051445A9EC}.Release|Any CPU.Build.0 = Release|Any CPU
		{A07FE12C-AD73-432A-AE0A-78051445A9EC}.Staging|Any CPU.ActiveCfg = Staging|Any CPU
		{A07FE12C-AD73-432A-AE0A-78051445A9EC}.Staging|Any CPU.Build.0 = Staging|Any CPU
		{A07FE12C-AD73-432A-AE0A-78051445A9EC}.UAT|Any CPU.ActiveCfg = UAT|Any CPU
		{A07FE12C-AD73-432A-AE0A-78051445A9EC}.UAT|Any CPU.Build.0 = UAT|Any CPU
		{32CDA1D4-B3B2-4D19-B4B0-CD2980AD4EC5}.Debug|Any CPU.ActiveCfg = Debug|Any CPU
		{32CDA1D4-B3B2-4D19-B4B0-CD2980AD4EC5}.Debug|Any CPU.Build.0 = Debug|Any CPU
		{32CDA1D4-B3B2-4D19-B4B0-CD2980AD4EC5}.Development|Any CPU.ActiveCfg = Debug|Any CPU
		{32CDA1D4-B3B2-4D19-B4B0-CD2980AD4EC5}.Development|Any CPU.Build.0 = Debug|Any CPU
		{32CDA1D4-B3B2-4D19-B4B0-CD2980AD4EC5}.Release|Any CPU.ActiveCfg = Release|Any CPU
		{32CDA1D4-B3B2-4D19-B4B0-CD2980AD4EC5}.Release|Any CPU.Build.0 = Release|Any CPU
		{32CDA1D4-B3B2-4D19-B4B0-CD2980AD4EC5}.Staging|Any CPU.ActiveCfg = Staging|Any CPU
		{32CDA1D4-B3B2-4D19-B4B0-CD2980AD4EC5}.Staging|Any CPU.Build.0 = Staging|Any CPU
		{32CDA1D4-B3B2-4D19-B4B0-CD2980AD4EC5}.UAT|Any CPU.ActiveCfg = UAT|Any CPU
		{32CDA1D4-B3B2-4D19-B4B0-CD2980AD4EC5}.UAT|Any CPU.Build.0 = UAT|Any CPU
		{89E8C6F0-E7DE-4078-8F94-F1D9AB234A96}.Debug|Any CPU.ActiveCfg = Debug|Any CPU
		{89E8C6F0-E7DE-4078-8F94-F1D9AB234A96}.Development|Any CPU.ActiveCfg = Debug|Any CPU
		{89E8C6F0-E7DE-4078-8F94-F1D9AB234A96}.Development|Any CPU.Build.0 = Debug|Any CPU
		{89E8C6F0-E7DE-4078-8F94-F1D9AB234A96}.Release|Any CPU.ActiveCfg = Release|Any CPU
		{89E8C6F0-E7DE-4078-8F94-F1D9AB234A96}.Staging|Any CPU.ActiveCfg = Staging|Any CPU
		{89E8C6F0-E7DE-4078-8F94-F1D9AB234A96}.UAT|Any CPU.ActiveCfg = UAT|Any CPU
		{63EF7292-0EE6-4377-917A-EDBE481442D9}.Debug|Any CPU.ActiveCfg = Debug|Any CPU
		{63EF7292-0EE6-4377-917A-EDBE481442D9}.Development|Any CPU.ActiveCfg = Debug|Any CPU
		{63EF7292-0EE6-4377-917A-EDBE481442D9}.Development|Any CPU.Build.0 = Debug|Any CPU
		{63EF7292-0EE6-4377-917A-EDBE481442D9}.Release|Any CPU.ActiveCfg = Release|Any CPU
		{63EF7292-0EE6-4377-917A-EDBE481442D9}.Staging|Any CPU.ActiveCfg = Staging|Any CPU
		{63EF7292-0EE6-4377-917A-EDBE481442D9}.UAT|Any CPU.ActiveCfg = UAT|Any CPU
		{295054E3-CB0B-4112-9182-5EB4E0EC73A1}.Debug|Any CPU.ActiveCfg = Debug|Any CPU
		{295054E3-CB0B-4112-9182-5EB4E0EC73A1}.Development|Any CPU.ActiveCfg = Debug|Any CPU
		{295054E3-CB0B-4112-9182-5EB4E0EC73A1}.Development|Any CPU.Build.0 = Debug|Any CPU
		{295054E3-CB0B-4112-9182-5EB4E0EC73A1}.Release|Any CPU.ActiveCfg = Release|Any CPU
		{295054E3-CB0B-4112-9182-5EB4E0EC73A1}.Staging|Any CPU.ActiveCfg = Staging|Any CPU
		{295054E3-CB0B-4112-9182-5EB4E0EC73A1}.UAT|Any CPU.ActiveCfg = UAT|Any CPU
		{4FAF7703-1F59-4129-BDC9-02DD118E7B4A}.Debug|Any CPU.ActiveCfg = Debug|Any CPU
		{4FAF7703-1F59-4129-BDC9-02DD118E7B4A}.Development|Any CPU.ActiveCfg = Debug|Any CPU
		{4FAF7703-1F59-4129-BDC9-02DD118E7B4A}.Development|Any CPU.Build.0 = Debug|Any CPU
		{4FAF7703-1F59-4129-BDC9-02DD118E7B4A}.Release|Any CPU.ActiveCfg = Release|Any CPU
		{4FAF7703-1F59-4129-BDC9-02DD118E7B4A}.Staging|Any CPU.ActiveCfg = Staging|Any CPU
		{4FAF7703-1F59-4129-BDC9-02DD118E7B4A}.UAT|Any CPU.ActiveCfg = UAT|Any CPU
		{34002119-2D13-4DDA-87D8-DEF73C32ADC0}.Debug|Any CPU.ActiveCfg = Debug|Any CPU
		{34002119-2D13-4DDA-87D8-DEF73C32ADC0}.Development|Any CPU.ActiveCfg = Debug|Any CPU
		{34002119-2D13-4DDA-87D8-DEF73C32ADC0}.Development|Any CPU.Build.0 = Debug|Any CPU
		{34002119-2D13-4DDA-87D8-DEF73C32ADC0}.Release|Any CPU.ActiveCfg = Release|Any CPU
		{34002119-2D13-4DDA-87D8-DEF73C32ADC0}.Staging|Any CPU.ActiveCfg = Staging|Any CPU
		{34002119-2D13-4DDA-87D8-DEF73C32ADC0}.UAT|Any CPU.ActiveCfg = UAT|Any CPU
		{A4CA859E-7FA0-422B-A81F-459251706AAF}.Debug|Any CPU.ActiveCfg = Debug|Any CPU
		{A4CA859E-7FA0-422B-A81F-459251706AAF}.Debug|Any CPU.Build.0 = Debug|Any CPU
		{A4CA859E-7FA0-422B-A81F-459251706AAF}.Development|Any CPU.ActiveCfg = Debug|Any CPU
		{A4CA859E-7FA0-422B-A81F-459251706AAF}.Development|Any CPU.Build.0 = Debug|Any CPU
		{A4CA859E-7FA0-422B-A81F-459251706AAF}.Release|Any CPU.ActiveCfg = Release|Any CPU
		{A4CA859E-7FA0-422B-A81F-459251706AAF}.Release|Any CPU.Build.0 = Release|Any CPU
		{A4CA859E-7FA0-422B-A81F-459251706AAF}.Staging|Any CPU.ActiveCfg = Staging|Any CPU
		{A4CA859E-7FA0-422B-A81F-459251706AAF}.Staging|Any CPU.Build.0 = Staging|Any CPU
		{A4CA859E-7FA0-422B-A81F-459251706AAF}.UAT|Any CPU.ActiveCfg = UAT|Any CPU
		{A4CA859E-7FA0-422B-A81F-459251706AAF}.UAT|Any CPU.Build.0 = UAT|Any CPU
		{9D2CAE55-071B-402A-B68C-5D2996170BA2}.Debug|Any CPU.ActiveCfg = Debug|Any CPU
		{9D2CAE55-071B-402A-B68C-5D2996170BA2}.Debug|Any CPU.Build.0 = Debug|Any CPU
		{9D2CAE55-071B-402A-B68C-5D2996170BA2}.Development|Any CPU.ActiveCfg = Debug|Any CPU
		{9D2CAE55-071B-402A-B68C-5D2996170BA2}.Development|Any CPU.Build.0 = Debug|Any CPU
		{9D2CAE55-071B-402A-B68C-5D2996170BA2}.Release|Any CPU.ActiveCfg = Release|Any CPU
		{9D2CAE55-071B-402A-B68C-5D2996170BA2}.Release|Any CPU.Build.0 = Release|Any CPU
		{9D2CAE55-071B-402A-B68C-5D2996170BA2}.Staging|Any CPU.ActiveCfg = Staging|Any CPU
		{9D2CAE55-071B-402A-B68C-5D2996170BA2}.Staging|Any CPU.Build.0 = Staging|Any CPU
		{9D2CAE55-071B-402A-B68C-5D2996170BA2}.UAT|Any CPU.ActiveCfg = UAT|Any CPU
		{9D2CAE55-071B-402A-B68C-5D2996170BA2}.UAT|Any CPU.Build.0 = UAT|Any CPU
		{6891FD6A-6421-4D77-9597-146088878142}.Debug|Any CPU.ActiveCfg = Debug|Any CPU
		{6891FD6A-6421-4D77-9597-146088878142}.Debug|Any CPU.Build.0 = Debug|Any CPU
		{6891FD6A-6421-4D77-9597-146088878142}.Debug|Any CPU.Deploy.0 = Debug|Any CPU
		{6891FD6A-6421-4D77-9597-146088878142}.Development|Any CPU.ActiveCfg = Debug|Any CPU
		{6891FD6A-6421-4D77-9597-146088878142}.Development|Any CPU.Build.0 = Debug|Any CPU
		{6891FD6A-6421-4D77-9597-146088878142}.Development|Any CPU.Deploy.0 = Debug|Any CPU
		{6891FD6A-6421-4D77-9597-146088878142}.Release|Any CPU.ActiveCfg = Release|Any CPU
		{6891FD6A-6421-4D77-9597-146088878142}.Release|Any CPU.Build.0 = Release|Any CPU
		{6891FD6A-6421-4D77-9597-146088878142}.Release|Any CPU.Deploy.0 = Release|Any CPU
		{6891FD6A-6421-4D77-9597-146088878142}.Staging|Any CPU.ActiveCfg = Staging|Any CPU
		{6891FD6A-6421-4D77-9597-146088878142}.Staging|Any CPU.Build.0 = Staging|Any CPU
		{6891FD6A-6421-4D77-9597-146088878142}.Staging|Any CPU.Deploy.0 = Staging|Any CPU
		{6891FD6A-6421-4D77-9597-146088878142}.UAT|Any CPU.ActiveCfg = UAT|Any CPU
		{6891FD6A-6421-4D77-9597-146088878142}.UAT|Any CPU.Build.0 = UAT|Any CPU
		{6891FD6A-6421-4D77-9597-146088878142}.UAT|Any CPU.Deploy.0 = UAT|Any CPU
		{40BFA3BD-59F2-435D-ADC9-4F3CA25E5275}.Debug|Any CPU.ActiveCfg = Debug|Any CPU
		{40BFA3BD-59F2-435D-ADC9-4F3CA25E5275}.Debug|Any CPU.Build.0 = Debug|Any CPU
		{40BFA3BD-59F2-435D-ADC9-4F3CA25E5275}.Debug|Any CPU.Deploy.0 = Debug|Any CPU
		{40BFA3BD-59F2-435D-ADC9-4F3CA25E5275}.Development|Any CPU.ActiveCfg = Debug|Any CPU
		{40BFA3BD-59F2-435D-ADC9-4F3CA25E5275}.Development|Any CPU.Build.0 = Debug|Any CPU
		{40BFA3BD-59F2-435D-ADC9-4F3CA25E5275}.Development|Any CPU.Deploy.0 = Debug|Any CPU
		{40BFA3BD-59F2-435D-ADC9-4F3CA25E5275}.Release|Any CPU.ActiveCfg = Release|Any CPU
		{40BFA3BD-59F2-435D-ADC9-4F3CA25E5275}.Release|Any CPU.Build.0 = Release|Any CPU
		{40BFA3BD-59F2-435D-ADC9-4F3CA25E5275}.Release|Any CPU.Deploy.0 = Release|Any CPU
		{40BFA3BD-59F2-435D-ADC9-4F3CA25E5275}.Staging|Any CPU.ActiveCfg = Staging|Any CPU
		{40BFA3BD-59F2-435D-ADC9-4F3CA25E5275}.Staging|Any CPU.Build.0 = Staging|Any CPU
		{40BFA3BD-59F2-435D-ADC9-4F3CA25E5275}.Staging|Any CPU.Deploy.0 = Staging|Any CPU
		{40BFA3BD-59F2-435D-ADC9-4F3CA25E5275}.UAT|Any CPU.ActiveCfg = UAT|Any CPU
		{40BFA3BD-59F2-435D-ADC9-4F3CA25E5275}.UAT|Any CPU.Build.0 = UAT|Any CPU
		{40BFA3BD-59F2-435D-ADC9-4F3CA25E5275}.UAT|Any CPU.Deploy.0 = UAT|Any CPU
		{AEFE682C-42D3-46E1-81BF-C7B6CA912537}.Debug|Any CPU.ActiveCfg = Debug|Any CPU
		{AEFE682C-42D3-46E1-81BF-C7B6CA912537}.Debug|Any CPU.Build.0 = Debug|Any CPU
		{AEFE682C-42D3-46E1-81BF-C7B6CA912537}.Development|Any CPU.ActiveCfg = Debug|Any CPU
		{AEFE682C-42D3-46E1-81BF-C7B6CA912537}.Development|Any CPU.Build.0 = Debug|Any CPU
		{AEFE682C-42D3-46E1-81BF-C7B6CA912537}.Release|Any CPU.ActiveCfg = Release|Any CPU
		{AEFE682C-42D3-46E1-81BF-C7B6CA912537}.Release|Any CPU.Build.0 = Release|Any CPU
		{AEFE682C-42D3-46E1-81BF-C7B6CA912537}.Staging|Any CPU.ActiveCfg = Staging|Any CPU
		{AEFE682C-42D3-46E1-81BF-C7B6CA912537}.Staging|Any CPU.Build.0 = Staging|Any CPU
		{AEFE682C-42D3-46E1-81BF-C7B6CA912537}.UAT|Any CPU.ActiveCfg = UAT|Any CPU
		{AEFE682C-42D3-46E1-81BF-C7B6CA912537}.UAT|Any CPU.Build.0 = UAT|Any CPU
		{65C1FDE7-4802-49FB-BC28-F6480B3EA4E6}.Debug|Any CPU.ActiveCfg = Debug|Any CPU
		{65C1FDE7-4802-49FB-BC28-F6480B3EA4E6}.Debug|Any CPU.Build.0 = Debug|Any CPU
		{65C1FDE7-4802-49FB-BC28-F6480B3EA4E6}.Development|Any CPU.ActiveCfg = Debug|Any CPU
		{65C1FDE7-4802-49FB-BC28-F6480B3EA4E6}.Development|Any CPU.Build.0 = Debug|Any CPU
		{65C1FDE7-4802-49FB-BC28-F6480B3EA4E6}.Release|Any CPU.ActiveCfg = Release|Any CPU
		{65C1FDE7-4802-49FB-BC28-F6480B3EA4E6}.Release|Any CPU.Build.0 = Release|Any CPU
		{65C1FDE7-4802-49FB-BC28-F6480B3EA4E6}.Staging|Any CPU.ActiveCfg = Staging|Any CPU
		{65C1FDE7-4802-49FB-BC28-F6480B3EA4E6}.Staging|Any CPU.Build.0 = Staging|Any CPU
		{65C1FDE7-4802-49FB-BC28-F6480B3EA4E6}.UAT|Any CPU.ActiveCfg = UAT|Any CPU
		{65C1FDE7-4802-49FB-BC28-F6480B3EA4E6}.UAT|Any CPU.Build.0 = UAT|Any CPU
		{946E3599-4EB8-41AC-A7FD-EFE9D44BDA45}.Debug|Any CPU.ActiveCfg = Debug|Any CPU
		{946E3599-4EB8-41AC-A7FD-EFE9D44BDA45}.Development|Any CPU.ActiveCfg = Debug|Any CPU
		{946E3599-4EB8-41AC-A7FD-EFE9D44BDA45}.Development|Any CPU.Build.0 = Debug|Any CPU
		{946E3599-4EB8-41AC-A7FD-EFE9D44BDA45}.Release|Any CPU.ActiveCfg = Release|Any CPU
		{946E3599-4EB8-41AC-A7FD-EFE9D44BDA45}.Staging|Any CPU.ActiveCfg = Staging|Any CPU
		{946E3599-4EB8-41AC-A7FD-EFE9D44BDA45}.UAT|Any CPU.ActiveCfg = UAT|Any CPU
		{DAD32C57-427D-437C-AE75-196720583D7B}.Debug|Any CPU.ActiveCfg = Debug|Any CPU
		{DAD32C57-427D-437C-AE75-196720583D7B}.Debug|Any CPU.Build.0 = Debug|Any CPU
		{DAD32C57-427D-437C-AE75-196720583D7B}.Development|Any CPU.ActiveCfg = Debug|Any CPU
		{DAD32C57-427D-437C-AE75-196720583D7B}.Development|Any CPU.Build.0 = Debug|Any CPU
		{DAD32C57-427D-437C-AE75-196720583D7B}.Release|Any CPU.ActiveCfg = Release|Any CPU
		{DAD32C57-427D-437C-AE75-196720583D7B}.Release|Any CPU.Build.0 = Release|Any CPU
		{DAD32C57-427D-437C-AE75-196720583D7B}.Staging|Any CPU.ActiveCfg = Staging|Any CPU
		{DAD32C57-427D-437C-AE75-196720583D7B}.Staging|Any CPU.Build.0 = Staging|Any CPU
		{DAD32C57-427D-437C-AE75-196720583D7B}.UAT|Any CPU.ActiveCfg = UAT|Any CPU
		{DAD32C57-427D-437C-AE75-196720583D7B}.UAT|Any CPU.Build.0 = UAT|Any CPU
		{0BB825FC-98BB-4FEE-94C8-DF0BAF4A999F}.Debug|Any CPU.ActiveCfg = Debug|Any CPU
		{0BB825FC-98BB-4FEE-94C8-DF0BAF4A999F}.Debug|Any CPU.Build.0 = Debug|Any CPU
		{0BB825FC-98BB-4FEE-94C8-DF0BAF4A999F}.Debug|Any CPU.Deploy.0 = Debug|Any CPU
		{0BB825FC-98BB-4FEE-94C8-DF0BAF4A999F}.Development|Any CPU.ActiveCfg = Debug|Any CPU
		{0BB825FC-98BB-4FEE-94C8-DF0BAF4A999F}.Development|Any CPU.Build.0 = Debug|Any CPU
		{0BB825FC-98BB-4FEE-94C8-DF0BAF4A999F}.Development|Any CPU.Deploy.0 = Debug|Any CPU
		{0BB825FC-98BB-4FEE-94C8-DF0BAF4A999F}.Release|Any CPU.ActiveCfg = Release|Any CPU
		{0BB825FC-98BB-4FEE-94C8-DF0BAF4A999F}.Release|Any CPU.Build.0 = Release|Any CPU
		{0BB825FC-98BB-4FEE-94C8-DF0BAF4A999F}.Release|Any CPU.Deploy.0 = Release|Any CPU
		{0BB825FC-98BB-4FEE-94C8-DF0BAF4A999F}.Staging|Any CPU.ActiveCfg = Staging|Any CPU
		{0BB825FC-98BB-4FEE-94C8-DF0BAF4A999F}.Staging|Any CPU.Build.0 = Staging|Any CPU
		{0BB825FC-98BB-4FEE-94C8-DF0BAF4A999F}.Staging|Any CPU.Deploy.0 = Staging|Any CPU
		{0BB825FC-98BB-4FEE-94C8-DF0BAF4A999F}.UAT|Any CPU.ActiveCfg = UAT|Any CPU
		{0BB825FC-98BB-4FEE-94C8-DF0BAF4A999F}.UAT|Any CPU.Build.0 = UAT|Any CPU
		{0BB825FC-98BB-4FEE-94C8-DF0BAF4A999F}.UAT|Any CPU.Deploy.0 = UAT|Any CPU
		{3799573D-2396-4A7F-8573-15BCA6B9D540}.Debug|Any CPU.ActiveCfg = Debug|Any CPU
		{3799573D-2396-4A7F-8573-15BCA6B9D540}.Debug|Any CPU.Build.0 = Debug|Any CPU
		{3799573D-2396-4A7F-8573-15BCA6B9D540}.Development|Any CPU.ActiveCfg = Debug|Any CPU
		{3799573D-2396-4A7F-8573-15BCA6B9D540}.Development|Any CPU.Build.0 = Debug|Any CPU
		{3799573D-2396-4A7F-8573-15BCA6B9D540}.Release|Any CPU.ActiveCfg = Release|Any CPU
		{3799573D-2396-4A7F-8573-15BCA6B9D540}.Release|Any CPU.Build.0 = Release|Any CPU
		{3799573D-2396-4A7F-8573-15BCA6B9D540}.Staging|Any CPU.ActiveCfg = Staging|Any CPU
		{3799573D-2396-4A7F-8573-15BCA6B9D540}.Staging|Any CPU.Build.0 = Staging|Any CPU
		{3799573D-2396-4A7F-8573-15BCA6B9D540}.UAT|Any CPU.ActiveCfg = UAT|Any CPU
		{3799573D-2396-4A7F-8573-15BCA6B9D540}.UAT|Any CPU.Build.0 = UAT|Any CPU
		{B1D59302-7089-4ECC-9B86-FD8141F0A912}.Debug|Any CPU.ActiveCfg = Debug|Any CPU
		{B1D59302-7089-4ECC-9B86-FD8141F0A912}.Debug|Any CPU.Build.0 = Debug|Any CPU
		{B1D59302-7089-4ECC-9B86-FD8141F0A912}.Development|Any CPU.ActiveCfg = Debug|Any CPU
		{B1D59302-7089-4ECC-9B86-FD8141F0A912}.Development|Any CPU.Build.0 = Debug|Any CPU
		{B1D59302-7089-4ECC-9B86-FD8141F0A912}.Release|Any CPU.ActiveCfg = Release|Any CPU
		{B1D59302-7089-4ECC-9B86-FD8141F0A912}.Release|Any CPU.Build.0 = Release|Any CPU
		{B1D59302-7089-4ECC-9B86-FD8141F0A912}.Staging|Any CPU.ActiveCfg = Staging|Any CPU
		{B1D59302-7089-4ECC-9B86-FD8141F0A912}.Staging|Any CPU.Build.0 = Staging|Any CPU
		{B1D59302-7089-4ECC-9B86-FD8141F0A912}.UAT|Any CPU.ActiveCfg = UAT|Any CPU
		{B1D59302-7089-4ECC-9B86-FD8141F0A912}.UAT|Any CPU.Build.0 = UAT|Any CPU
		{3439386B-275F-42B3-BD80-08D48FF4F7ED}.Debug|Any CPU.ActiveCfg = Debug|Any CPU
		{3439386B-275F-42B3-BD80-08D48FF4F7ED}.Development|Any CPU.ActiveCfg = Debug|Any CPU
		{3439386B-275F-42B3-BD80-08D48FF4F7ED}.Release|Any CPU.ActiveCfg = Release|Any CPU
		{3439386B-275F-42B3-BD80-08D48FF4F7ED}.Staging|Any CPU.ActiveCfg = Staging|Any CPU
		{3439386B-275F-42B3-BD80-08D48FF4F7ED}.UAT|Any CPU.ActiveCfg = UAT|Any CPU
		{A30CE11D-F923-4F23-B85D-985B75EE6529}.Debug|Any CPU.ActiveCfg = Debug|Any CPU
		{A30CE11D-F923-4F23-B85D-985B75EE6529}.Debug|Any CPU.Build.0 = Debug|Any CPU
		{A30CE11D-F923-4F23-B85D-985B75EE6529}.Development|Any CPU.ActiveCfg = Debug|Any CPU
		{A30CE11D-F923-4F23-B85D-985B75EE6529}.Development|Any CPU.Build.0 = Debug|Any CPU
		{A30CE11D-F923-4F23-B85D-985B75EE6529}.Release|Any CPU.ActiveCfg = Release|Any CPU
		{A30CE11D-F923-4F23-B85D-985B75EE6529}.Release|Any CPU.Build.0 = Release|Any CPU
		{A30CE11D-F923-4F23-B85D-985B75EE6529}.Staging|Any CPU.ActiveCfg = Staging|Any CPU
		{A30CE11D-F923-4F23-B85D-985B75EE6529}.Staging|Any CPU.Build.0 = Staging|Any CPU
		{A30CE11D-F923-4F23-B85D-985B75EE6529}.UAT|Any CPU.ActiveCfg = UAT|Any CPU
		{A30CE11D-F923-4F23-B85D-985B75EE6529}.UAT|Any CPU.Build.0 = UAT|Any CPU
		{E866572B-394F-4262-B5E7-D7326F0B8388}.Debug|Any CPU.ActiveCfg = Debug|Any CPU
		{E866572B-394F-4262-B5E7-D7326F0B8388}.Debug|Any CPU.Build.0 = Debug|Any CPU
		{E866572B-394F-4262-B5E7-D7326F0B8388}.Development|Any CPU.ActiveCfg = Debug|Any CPU
		{E866572B-394F-4262-B5E7-D7326F0B8388}.Development|Any CPU.Build.0 = Debug|Any CPU
		{E866572B-394F-4262-B5E7-D7326F0B8388}.Release|Any CPU.ActiveCfg = Release|Any CPU
		{E866572B-394F-4262-B5E7-D7326F0B8388}.Release|Any CPU.Build.0 = Release|Any CPU
		{E866572B-394F-4262-B5E7-D7326F0B8388}.Staging|Any CPU.ActiveCfg = Staging|Any CPU
		{E866572B-394F-4262-B5E7-D7326F0B8388}.Staging|Any CPU.Build.0 = Staging|Any CPU
		{E866572B-394F-4262-B5E7-D7326F0B8388}.UAT|Any CPU.ActiveCfg = UAT|Any CPU
		{E866572B-394F-4262-B5E7-D7326F0B8388}.UAT|Any CPU.Build.0 = UAT|Any CPU
		{6F4CF833-4EAC-44B3-92DD-79F6C16606DA}.Debug|Any CPU.ActiveCfg = Debug|Any CPU
		{6F4CF833-4EAC-44B3-92DD-79F6C16606DA}.Debug|Any CPU.Build.0 = Debug|Any CPU
		{6F4CF833-4EAC-44B3-92DD-79F6C16606DA}.Development|Any CPU.ActiveCfg = Debug|Any CPU
		{6F4CF833-4EAC-44B3-92DD-79F6C16606DA}.Development|Any CPU.Build.0 = Debug|Any CPU
		{6F4CF833-4EAC-44B3-92DD-79F6C16606DA}.Release|Any CPU.ActiveCfg = Release|Any CPU
		{6F4CF833-4EAC-44B3-92DD-79F6C16606DA}.Release|Any CPU.Build.0 = Release|Any CPU
		{6F4CF833-4EAC-44B3-92DD-79F6C16606DA}.Staging|Any CPU.ActiveCfg = Staging|Any CPU
		{6F4CF833-4EAC-44B3-92DD-79F6C16606DA}.Staging|Any CPU.Build.0 = Staging|Any CPU
		{6F4CF833-4EAC-44B3-92DD-79F6C16606DA}.UAT|Any CPU.ActiveCfg = UAT|Any CPU
		{6F4CF833-4EAC-44B3-92DD-79F6C16606DA}.UAT|Any CPU.Build.0 = UAT|Any CPU
		{674631C7-4224-4B52-8BFE-7F5084E705F8}.Debug|Any CPU.ActiveCfg = Debug|Any CPU
		{674631C7-4224-4B52-8BFE-7F5084E705F8}.Debug|Any CPU.Build.0 = Debug|Any CPU
		{674631C7-4224-4B52-8BFE-7F5084E705F8}.Debug|Any CPU.Deploy.0 = Debug|Any CPU
		{674631C7-4224-4B52-8BFE-7F5084E705F8}.Development|Any CPU.ActiveCfg = Debug|Any CPU
		{674631C7-4224-4B52-8BFE-7F5084E705F8}.Development|Any CPU.Build.0 = Debug|Any CPU
		{674631C7-4224-4B52-8BFE-7F5084E705F8}.Development|Any CPU.Deploy.0 = Debug|Any CPU
		{674631C7-4224-4B52-8BFE-7F5084E705F8}.Release|Any CPU.ActiveCfg = Release|Any CPU
		{674631C7-4224-4B52-8BFE-7F5084E705F8}.Release|Any CPU.Build.0 = Release|Any CPU
		{674631C7-4224-4B52-8BFE-7F5084E705F8}.Release|Any CPU.Deploy.0 = Release|Any CPU
		{674631C7-4224-4B52-8BFE-7F5084E705F8}.Staging|Any CPU.ActiveCfg = Debug|Any CPU
		{674631C7-4224-4B52-8BFE-7F5084E705F8}.Staging|Any CPU.Build.0 = Debug|Any CPU
		{674631C7-4224-4B52-8BFE-7F5084E705F8}.Staging|Any CPU.Deploy.0 = Debug|Any CPU
		{674631C7-4224-4B52-8BFE-7F5084E705F8}.UAT|Any CPU.ActiveCfg = Debug|Any CPU
		{674631C7-4224-4B52-8BFE-7F5084E705F8}.UAT|Any CPU.Build.0 = Debug|Any CPU
		{674631C7-4224-4B52-8BFE-7F5084E705F8}.UAT|Any CPU.Deploy.0 = Debug|Any CPU
		{12758736-3B77-4D90-8915-C79180070FFF}.Debug|Any CPU.ActiveCfg = Development
		{12758736-3B77-4D90-8915-C79180070FFF}.Development|Any CPU.ActiveCfg = Development
		{12758736-3B77-4D90-8915-C79180070FFF}.Development|Any CPU.Build.0 = Development
		{12758736-3B77-4D90-8915-C79180070FFF}.Release|Any CPU.ActiveCfg = Development
		{12758736-3B77-4D90-8915-C79180070FFF}.Release|Any CPU.Build.0 = Development
		{12758736-3B77-4D90-8915-C79180070FFF}.Staging|Any CPU.ActiveCfg = Development
		{12758736-3B77-4D90-8915-C79180070FFF}.Staging|Any CPU.Build.0 = Development
		{12758736-3B77-4D90-8915-C79180070FFF}.UAT|Any CPU.ActiveCfg = Development
		{12758736-3B77-4D90-8915-C79180070FFF}.UAT|Any CPU.Build.0 = Development
	EndGlobalSection
	GlobalSection(SolutionProperties) = preSolution
		HideSolutionNode = FALSE
	EndGlobalSection
	GlobalSection(ExtensibilityGlobals) = postSolution
		SolutionGuid = {18893518-26B8-4844-8CBD-A956D1134830}
	EndGlobalSection
	GlobalSection(TeamFoundationVersionControl) = preSolution
		SccNumberOfProjects = 27
		SccEnterpriseProvider = {4CA58AB2-18FA-4F8D-95D4-32DDF27D184C}
		SccTeamFoundationServer = http://foundation1.ad.bluedot.global:8080/tfs/biodiasporacollection
		SccLocalPath0 = .
		SccProjectUniqueName1 = Biod.Surveillance\\Biod.Surveillance.csproj
		SccProjectName1 = Biod.Surveillance
		SccLocalPath1 = Biod.Surveillance
		SccProjectUniqueName2 = Biod.SyncConsole\\Biod.SyncConsole.csproj
		SccProjectName2 = Biod.SyncConsole
		SccLocalPath2 = Biod.SyncConsole
		SccProjectUniqueName3 = Biod.SqlServer.Clr\\Biod.SqlServer.Clr.csproj
		SccProjectName3 = Biod.SqlServer.Clr
		SccLocalPath3 = Biod.SqlServer.Clr
		SccProjectUniqueName4 = Biod.SignalR.Postgres\\Biod.SignalR.Postgres.csproj
		SccProjectName4 = Biod.SignalR.Postgres
		SccLocalPath4 = Biod.SignalR.Postgres
		SccProjectUniqueName5 = Biod.Zebra\\Biod.Zebra.csproj
		SccProjectName5 = Biod.Zebra
		SccLocalPath5 = Biod.Zebra
		SccProjectUniqueName6 = Biod.Surveillance.SyncConsole.Client\\Biod.Surveillance.SyncConsole.Client.csproj
		SccProjectName6 = Biod.Surveillance.SyncConsole.Client
		SccLocalPath6 = Biod.Surveillance.SyncConsole.Client
		SccProjectUniqueName7 = Biod.Surveillance.Zebra.SyncConsole\\Biod.Surveillance.Zebra.SyncConsole.csproj
		SccProjectName7 = Biod.Surveillance.Zebra.SyncConsole
		SccLocalPath7 = Biod.Surveillance.Zebra.SyncConsole
		SccProjectUniqueName8 = Biod.Zebra.Library\\Biod.Zebra.Library.csproj
		SccProjectName8 = Biod.Zebra.Library
		SccLocalPath8 = Biod.Zebra.Library
		SccProjectUniqueName9 = Biod.George.Api\\Biod.George.Api.csproj
		SccProjectName9 = Biod.George.Api
		SccLocalPath9 = Biod.George.Api
		SccProjectUniqueName10 = Biod.Zebra.Api\\Biod.Zebra.Api.csproj
		SccProjectName10 = Biod.Zebra.Api
		SccLocalPath10 = Biod.Zebra.Api
		SccProjectUniqueName11 = Biod.Solution.UnitTest\\Biod.Solution.UnitTest.csproj
		SccProjectName11 = Biod.Solution.UnitTest
		SccLocalPath11 = Biod.Solution.UnitTest
		SccProjectUniqueName12 = Biod.Diseases.SyncConsole\\Biod.Diseases.SyncConsole.csproj
		SccProjectName12 = Biod.Diseases.SyncConsole
		SccLocalPath12 = Biod.Diseases.SyncConsole
		SccProjectUniqueName13 = Biod.Zebra.Database.UnitTest\\Biod.Zebra.Database.UnitTest.csproj
		SccProjectName13 = Biod.Zebra.Database.UnitTest
		SccLocalPath13 = Biod.Zebra.Database.UnitTest
		SccProjectUniqueName14 = Biod.Zebra.WeeklyOperationConsole\\Biod.Zebra.WeeklyOperationConsole.csproj
		SccProjectName14 = Biod.Zebra.WeeklyOperationConsole
		SccLocalPath14 = Biod.Zebra.WeeklyOperationConsole
		SccProjectUniqueName15 = Biod.Api.Core\\Biod.Api.Core.csproj
		SccProjectName15 = Biod.Api.Core
		SccLocalPath15 = Biod.Api.Core
		SccProjectUniqueName16 = Biod.AuthServer.Core\\Biod.AuthServer.Core.csproj
		SccProjectName16 = Biod.AuthServer.Core
		SccLocalPath16 = Biod.AuthServer.Core
		SccProjectUniqueName17 = Biod.Zebra.Web.Mvc.Core\\Biod.Zebra.Web.Mvc.Core.csproj
		SccProjectName17 = Biod.Zebra.Web.Mvc.Core
		SccLocalPath17 = Biod.Zebra.Web.Mvc.Core
		SccProjectUniqueName18 = Biod.Zebra.Api.Core\\Biod.Zebra.Api.Core.csproj
		SccProjectName18 = Biod.Zebra.Api.Core
		SccLocalPath18 = Biod.Zebra.Api.Core
		SccProjectUniqueName19 = Biod.Zebra.Api.Core.Client.Test\\Biod.Zebra.Api.Core.Client.Test.csproj
		SccProjectName19 = Biod.Zebra.Api.Core.Client.Test
		SccLocalPath19 = Biod.Zebra.Api.Core.Client.Test
		SccProjectUniqueName20 = Biod.George.Database\\Biod.George.Database.sqlproj
		SccProjectName20 = Biod.George.Database
		SccLocalPath20 = Biod.George.Database
		SccProjectUniqueName21 = Biod.Zebra.Database\\Biod.Zebra.Database.sqlproj
		SccProjectName21 = Biod.Zebra.Database
		SccLocalPath21 = Biod.Zebra.Database
		SccProjectUniqueName22 = Biod.Zebra.Api.RScript\\Biod.Zebra.Api.RScript.rxproj
		SccProjectName22 = Biod.Zebra.Api.RScript
		SccLocalPath22 = Biod.Zebra.Api.RScript
		SccProjectUniqueName23 = Biod.Surveillance.Database\\Biod.Surveillance.Database.sqlproj
		SccProjectName23 = Biod.Surveillance.Database
		SccLocalPath23 = Biod.Surveillance.Database
		SccProjectUniqueName24 = Biod.Zebra.Api.PyScript\\Biod.Zebra.Api.PyScript.pyproj
		SccProjectName24 = Biod.Zebra.Api.PyScript
		SccLocalPath24 = Biod.Zebra.Api.PyScript
		SccProjectUniqueName25 = Biod.ProductSource.Database\\Biod.ProductSource.Database.sqlproj
		SccProjectName25 = Biod.ProductSource.Database
		SccLocalPath25 = Biod.ProductSource.Database
		SccProjectUniqueName26 = Biod.Diseases.Database.SSIS\\Biod.Diseases.Database.SSIS.dtproj
		SccProjectName26 = Biod.Diseases.Database.SSIS
		SccLocalPath26 = Biod.Diseases.Database.SSIS
	EndGlobalSection
	GlobalSection(TeamFoundationVersionControl) = preSolution
		SccNumberOfProjects = 22
		SccEnterpriseProvider = {4CA58AB2-18FA-4F8D-95D4-32DDF27D184C}
		SccTeamFoundationServer = http://foundation1.ad.bluedot.global:8080/tfs/biodiasporacollection
		SccLocalPath0 = .
		SccProjectUniqueName1 = Biod.Api.Core\\Biod.Api.Core.csproj
		SccProjectName1 = Biod.Api.Core
		SccLocalPath1 = Biod.Api.Core
		SccProjectUniqueName2 = Biod.Surveillance\\Biod.Surveillance.csproj
		SccProjectName2 = Biod.Surveillance
		SccLocalPath2 = Biod.Surveillance
		SccProjectUniqueName3 = Biod.SyncConsole\\Biod.SyncConsole.csproj
		SccProjectName3 = Biod.SyncConsole
		SccLocalPath3 = Biod.SyncConsole
		SccProjectUniqueName4 = Biod.SqlServer.Clr\\Biod.SqlServer.Clr.csproj
		SccProjectName4 = Biod.SqlServer.Clr
		SccLocalPath4 = Biod.SqlServer.Clr
		SccProjectUniqueName5 = Biod.AuthServer.Core\\Biod.AuthServer.Core.csproj
		SccProjectName5 = Biod.AuthServer.Core
		SccLocalPath5 = Biod.AuthServer.Core
		SccProjectUniqueName6 = Biod.SignalR.Postgres\\Biod.SignalR.Postgres.csproj
		SccProjectName6 = Biod.SignalR.Postgres
		SccLocalPath6 = Biod.SignalR.Postgres
		SccProjectUniqueName7 = Biod.Zebra.Web.Mvc.Core\\Biod.Zebra.Web.Mvc.Core.csproj
		SccProjectName7 = Biod.Zebra.Web.Mvc.Core
		SccLocalPath7 = Biod.Zebra.Web.Mvc.Core
		SccProjectUniqueName8 = Biod.Zebra.Api.Core\\Biod.Zebra.Api.Core.csproj
		SccProjectName8 = Biod.Zebra.Api.Core
		SccLocalPath8 = Biod.Zebra.Api.Core
		SccProjectUniqueName9 = Biod.Zebra.Api.Core.Client.Test\\Biod.Zebra.Api.Core.Client.Test.csproj
		SccProjectName9 = Biod.Zebra.Api.Core.Client.Test
		SccLocalPath9 = Biod.Zebra.Api.Core.Client.Test
		SccProjectUniqueName10 = Biod.Zebra\\Biod.Zebra.csproj
		SccProjectName10 = Biod.Zebra
		SccLocalPath10 = Biod.Zebra
		SccProjectUniqueName11 = Biod.George.Api\\Biod.George.Api.csproj
		SccProjectName11 = Biod.George.Api
		SccLocalPath11 = Biod.George.Api
		SccProjectUniqueName12 = Biod.George.Database\\Biod.George.Database.sqlproj
		SccProjectName12 = Biod.George.Database
		SccLocalPath12 = Biod.George.Database
		SccProjectUniqueName13 = Biod.Zebra.Database\\Biod.Zebra.Database.sqlproj
		SccProjectName13 = Biod.Zebra.Database
		SccLocalPath13 = Biod.Zebra.Database
		SccProjectUniqueName14 = Biod.Surveillance.SyncConsole.Client\\Biod.Surveillance.SyncConsole.Client.csproj
		SccProjectName14 = Biod.Surveillance.SyncConsole.Client
		SccLocalPath14 = Biod.Surveillance.SyncConsole.Client
		SccProjectUniqueName15 = BdDataApi\\BdDataApi.Common.csproj
		SccProjectName15 = BdDataApi
		SccLocalPath15 = BdDataApi
		SccProjectUniqueName16 = Biod.Zebra.Api\\Biod.Zebra.Api.csproj
		SccProjectName16 = Biod.Zebra.Api
		SccLocalPath16 = Biod.Zebra.Api
		SccProjectUniqueName17 = Biod.Zebra.Api.RScript\\Biod.Zebra.Api.RScript.rxproj
		SccProjectName17 = Biod.Zebra.Api.RScript
		SccLocalPath17 = Biod.Zebra.Api.RScript
		SccProjectUniqueName18 = Biod.Surveillance.Zebra.SyncConsole\\Biod.Surveillance.Zebra.SyncConsole.csproj
		SccProjectName18 = Biod.Surveillance.Zebra.SyncConsole
		SccLocalPath18 = Biod.Surveillance.Zebra.SyncConsole
		SccProjectUniqueName19 = Biod.Surveillance.Database\\Biod.Surveillance.Database.sqlproj
		SccProjectName19 = Biod.Surveillance.Database
		SccLocalPath19 = Biod.Surveillance.Database
		SccProjectUniqueName20 = Biod.Solution.UnitTest\\Biod.Solution.UnitTest.csproj
		SccProjectName20 = Biod.Solution.UnitTest
		SccLocalPath20 = Biod.Solution.UnitTest
	EndGlobalSection
EndGlobal
