
Microsoft Visual Studio Solution File, Format Version 12.00
# Visual Studio Version 16
VisualStudioVersion = 16.0.29519.181
MinimumVisualStudioVersion = 10.0.40219.1
Project("{FAE04EC0-301F-11D3-BF4B-00C04F79EFBC}") = "Biod.Surveillance", "Biod.Surveillance\Biod.Surveillance.csproj", "{EEBAAD25-B7EF-4363-A349-36D6BE49C11B}"
EndProject
Project("{FAE04EC0-301F-11D3-BF4B-00C04F79EFBC}") = "Biod.SyncConsole", "Biod.SyncConsole\Biod.SyncConsole.csproj", "{A07FE12C-AD73-432A-AE0A-78051445A9EC}"
EndProject
Project("{FAE04EC0-301F-11D3-BF4B-00C04F79EFBC}") = "Biod.SqlServer.Clr", "Biod.SqlServer.Clr\Biod.SqlServer.Clr.csproj", "{32CDA1D4-B3B2-4D19-B4B0-CD2980AD4EC5}"
EndProject
Project("{FAE04EC0-301F-11D3-BF4B-00C04F79EFBC}") = "Biod.Zebra", "Biod.Zebra\Biod.Zebra.csproj", "{A4CA859E-7FA0-422B-A81F-459251706AAF}"
EndProject
Project("{FAE04EC0-301F-11D3-BF4B-00C04F79EFBC}") = "Biod.George.Api", "Biod.George.Api\Biod.George.Api.csproj", "{9D2CAE55-071B-402A-B68C-5D2996170BA2}"
EndProject
Project("{00D1A9C2-B5F0-4AF3-8072-F6C62B433612}") = "Biod.George.Database", "Biod.George.Database\Biod.George.Database.sqlproj", "{6891FD6A-6421-4D77-9597-146088878142}"
EndProject
Project("{00D1A9C2-B5F0-4AF3-8072-F6C62B433612}") = "Biod.Zebra.Database", "Biod.Zebra.Database\Biod.Zebra.Database.sqlproj", "{40BFA3BD-59F2-435D-ADC9-4F3CA25E5275}"
EndProject
Project("{FAE04EC0-301F-11D3-BF4B-00C04F79EFBC}") = "Biod.Surveillance.SyncConsole.Client", "Biod.Surveillance.SyncConsole.Client\Biod.Surveillance.SyncConsole.Client.csproj", "{AEFE682C-42D3-46E1-81BF-C7B6CA912537}"
EndProject
Project("{FAE04EC0-301F-11D3-BF4B-00C04F79EFBC}") = "Biod.Zebra.Api", "Biod.Zebra.Api\Biod.Zebra.Api.csproj", "{65C1FDE7-4802-49FB-BC28-F6480B3EA4E6}"
EndProject
Project("{DA7A21FA-8162-4350-AD77-A8D1B671F3ED}") = "Biod.Zebra.Api.RScript", "Biod.Zebra.Api.RScript\Biod.Zebra.Api.RScript.rxproj", "{946E3599-4EB8-41AC-A7FD-EFE9D44BDA45}"
EndProject
Project("{FAE04EC0-301F-11D3-BF4B-00C04F79EFBC}") = "Biod.Surveillance.Zebra.SyncConsole", "Biod.Surveillance.Zebra.SyncConsole\Biod.Surveillance.Zebra.SyncConsole.csproj", "{DAD32C57-427D-437C-AE75-196720583D7B}"
EndProject
Project("{00D1A9C2-B5F0-4AF3-8072-F6C62B433612}") = "Biod.Surveillance.Database", "Biod.Surveillance.Database\Biod.Surveillance.Database.sqlproj", "{0BB825FC-98BB-4FEE-94C8-DF0BAF4A999F}"
EndProject
Project("{FAE04EC0-301F-11D3-BF4B-00C04F79EFBC}") = "Biod.Solution.UnitTest", "Biod.Solution.UnitTest\Biod.Solution.UnitTest.csproj", "{3799573D-2396-4A7F-8573-15BCA6B9D540}"
	ProjectSection(ProjectDependencies) = postProject
		{EEBAAD25-B7EF-4363-A349-36D6BE49C11B} = {EEBAAD25-B7EF-4363-A349-36D6BE49C11B}
	EndProjectSection
EndProject
Project("{888888A0-9F3D-457C-B088-3A5042F75D52}") = "Biod.Zebra.Api.PyScript", "Biod.Zebra.Api.PyScript\Biod.Zebra.Api.PyScript.pyproj", "{3439386B-275F-42B3-BD80-08D48FF4F7ED}"
EndProject
Project("{FAE04EC0-301F-11D3-BF4B-00C04F79EFBC}") = "Biod.Zebra.Library", "Biod.Zebra.Library\Biod.Zebra.Library.csproj", "{A30CE11D-F923-4F23-B85D-985B75EE6529}"
EndProject
Project("{FAE04EC0-301F-11D3-BF4B-00C04F79EFBC}") = "Biod.Diseases.SyncConsole", "Biod.Diseases.SyncConsole\Biod.Diseases.SyncConsole.csproj", "{E866572B-394F-4262-B5E7-D7326F0B8388}"
EndProject
Project("{FAE04EC0-301F-11D3-BF4B-00C04F79EFBC}") = "Biod.Zebra.WeeklyOperationConsole", "Biod.Zebra.WeeklyOperationConsole\Biod.Zebra.WeeklyOperationConsole.csproj", "{6F4CF833-4EAC-44B3-92DD-79F6C16606DA}"
EndProject
Project("{00D1A9C2-B5F0-4AF3-8072-F6C62B433612}") = "Biod.ProductSource.Database", "Biod.ProductSource.Database\Biod.ProductSource.Database.sqlproj", "{674631C7-4224-4B52-8BFE-7F5084E705F8}"
EndProject
Project("{FAE04EC0-301F-11D3-BF4B-00C04F79EFBC}") = "Biod.Zebra.Notification", "Biod.Zebra.Notification\Biod.Zebra.Notification.csproj", "{A91B6D6E-C056-44B7-A1A8-E12F02411E36}"
EndProject
Project("{2150E333-8FDC-42A3-9474-1A3956D46DE8}") = "Solution Items", "Solution Items", "{309294AC-10BD-4274-8303-DC415FD8E8C0}"
	ProjectSection(SolutionItems) = preProject
		CodeCoverage.runsettings = CodeCoverage.runsettings
	EndProjectSection
EndProject
Project("{FAE04EC0-301F-11D3-BF4B-00C04F79EFBC}") = "Biod.Solution.IntegrationTest", "Biod.Solution.IntegrationTest\Biod.Solution.IntegrationTest.csproj", "{41900BFD-5E18-448F-A0E1-00B5FA838137}"
EndProject
Project("{9A19103F-16F7-4668-BE54-9A1E7A4F7556}") = "Biod.Insights.Api", "Biod.Insights.Api\Biod.Insights.Api.csproj", "{422517B8-6B06-4479-9F8F-0217388A6340}"
EndProject
Project("{159641D6-6404-4A2A-AE62-294DE0FE8301}") = "Biod.Zebra.Database_SSIS", "Biod.Zebra.Database_SSIS\Biod.Zebra.Database_SSIS.dtproj", "{D1BAB4D4-C6C4-4809-8BC7-1A40644222CC}"
EndProject
Project("{9A19103F-16F7-4668-BE54-9A1E7A4F7556}") = "Biod.Insights.Api.IntegrationTest", "Biod.Insights.Api.IntegrationTest\Biod.Insights.Api.IntegrationTest.csproj", "{8972673A-D21F-46D7-8DB2-93C27C399219}"
EndProject
Project("{159641D6-6404-4A2A-AE62-294DE0FE8301}") = "Biod.Diseases.Database.SSIS", "Biod.Diseases.Database.SSIS\Biod.Diseases.Database.SSIS.dtproj", "{0F7B1DB0-B89B-46A2-A902-0800D32D436B}"
EndProject
Global
	GlobalSection(SolutionConfigurationPlatforms) = preSolution
		Debug|Any CPU = Debug|Any CPU
		Development|Any CPU = Development|Any CPU
		Release|Any CPU = Release|Any CPU
		Staging|Any CPU = Staging|Any CPU
		UAT|Any CPU = UAT|Any CPU
	EndGlobalSection
	GlobalSection(ProjectConfigurationPlatforms) = postSolution
		{EEBAAD25-B7EF-4363-A349-36D6BE49C11B}.Debug|Any CPU.ActiveCfg = Debug|Any CPU
		{EEBAAD25-B7EF-4363-A349-36D6BE49C11B}.Debug|Any CPU.Build.0 = Debug|Any CPU
		{EEBAAD25-B7EF-4363-A349-36D6BE49C11B}.Development|Any CPU.ActiveCfg = Debug|Any CPU
		{EEBAAD25-B7EF-4363-A349-36D6BE49C11B}.Development|Any CPU.Build.0 = Debug|Any CPU
		{EEBAAD25-B7EF-4363-A349-36D6BE49C11B}.Release|Any CPU.ActiveCfg = Release|Any CPU
		{EEBAAD25-B7EF-4363-A349-36D6BE49C11B}.Release|Any CPU.Build.0 = Release|Any CPU
		{EEBAAD25-B7EF-4363-A349-36D6BE49C11B}.Staging|Any CPU.ActiveCfg = Staging|Any CPU
		{EEBAAD25-B7EF-4363-A349-36D6BE49C11B}.Staging|Any CPU.Build.0 = Staging|Any CPU
		{EEBAAD25-B7EF-4363-A349-36D6BE49C11B}.UAT|Any CPU.ActiveCfg = UAT|Any CPU
		{EEBAAD25-B7EF-4363-A349-36D6BE49C11B}.UAT|Any CPU.Build.0 = UAT|Any CPU
		{A07FE12C-AD73-432A-AE0A-78051445A9EC}.Debug|Any CPU.ActiveCfg = Debug|Any CPU
		{A07FE12C-AD73-432A-AE0A-78051445A9EC}.Debug|Any CPU.Build.0 = Debug|Any CPU
		{A07FE12C-AD73-432A-AE0A-78051445A9EC}.Development|Any CPU.ActiveCfg = Debug|Any CPU
		{A07FE12C-AD73-432A-AE0A-78051445A9EC}.Development|Any CPU.Build.0 = Debug|Any CPU
		{A07FE12C-AD73-432A-AE0A-78051445A9EC}.Release|Any CPU.ActiveCfg = Release|Any CPU
		{A07FE12C-AD73-432A-AE0A-78051445A9EC}.Release|Any CPU.Build.0 = Release|Any CPU
		{A07FE12C-AD73-432A-AE0A-78051445A9EC}.Staging|Any CPU.ActiveCfg = Staging|Any CPU
		{A07FE12C-AD73-432A-AE0A-78051445A9EC}.Staging|Any CPU.Build.0 = Staging|Any CPU
		{A07FE12C-AD73-432A-AE0A-78051445A9EC}.UAT|Any CPU.ActiveCfg = UAT|Any CPU
		{A07FE12C-AD73-432A-AE0A-78051445A9EC}.UAT|Any CPU.Build.0 = UAT|Any CPU
		{32CDA1D4-B3B2-4D19-B4B0-CD2980AD4EC5}.Debug|Any CPU.ActiveCfg = Debug|Any CPU
		{32CDA1D4-B3B2-4D19-B4B0-CD2980AD4EC5}.Debug|Any CPU.Build.0 = Debug|Any CPU
		{32CDA1D4-B3B2-4D19-B4B0-CD2980AD4EC5}.Development|Any CPU.ActiveCfg = Debug|Any CPU
		{32CDA1D4-B3B2-4D19-B4B0-CD2980AD4EC5}.Development|Any CPU.Build.0 = Debug|Any CPU
		{32CDA1D4-B3B2-4D19-B4B0-CD2980AD4EC5}.Release|Any CPU.ActiveCfg = Release|Any CPU
		{32CDA1D4-B3B2-4D19-B4B0-CD2980AD4EC5}.Release|Any CPU.Build.0 = Release|Any CPU
		{32CDA1D4-B3B2-4D19-B4B0-CD2980AD4EC5}.Staging|Any CPU.ActiveCfg = Staging|Any CPU
		{32CDA1D4-B3B2-4D19-B4B0-CD2980AD4EC5}.Staging|Any CPU.Build.0 = Staging|Any CPU
		{32CDA1D4-B3B2-4D19-B4B0-CD2980AD4EC5}.UAT|Any CPU.ActiveCfg = UAT|Any CPU
		{32CDA1D4-B3B2-4D19-B4B0-CD2980AD4EC5}.UAT|Any CPU.Build.0 = UAT|Any CPU
		{A4CA859E-7FA0-422B-A81F-459251706AAF}.Debug|Any CPU.ActiveCfg = Debug|Any CPU
		{A4CA859E-7FA0-422B-A81F-459251706AAF}.Debug|Any CPU.Build.0 = Debug|Any CPU
		{A4CA859E-7FA0-422B-A81F-459251706AAF}.Development|Any CPU.ActiveCfg = Debug|Any CPU
		{A4CA859E-7FA0-422B-A81F-459251706AAF}.Development|Any CPU.Build.0 = Debug|Any CPU
		{A4CA859E-7FA0-422B-A81F-459251706AAF}.Release|Any CPU.ActiveCfg = Release|Any CPU
		{A4CA859E-7FA0-422B-A81F-459251706AAF}.Release|Any CPU.Build.0 = Release|Any CPU
		{A4CA859E-7FA0-422B-A81F-459251706AAF}.Staging|Any CPU.ActiveCfg = Staging|Any CPU
		{A4CA859E-7FA0-422B-A81F-459251706AAF}.Staging|Any CPU.Build.0 = Staging|Any CPU
		{A4CA859E-7FA0-422B-A81F-459251706AAF}.UAT|Any CPU.ActiveCfg = UAT|Any CPU
		{A4CA859E-7FA0-422B-A81F-459251706AAF}.UAT|Any CPU.Build.0 = UAT|Any CPU
		{9D2CAE55-071B-402A-B68C-5D2996170BA2}.Debug|Any CPU.ActiveCfg = Debug|Any CPU
		{9D2CAE55-071B-402A-B68C-5D2996170BA2}.Debug|Any CPU.Build.0 = Debug|Any CPU
		{9D2CAE55-071B-402A-B68C-5D2996170BA2}.Development|Any CPU.ActiveCfg = Debug|Any CPU
		{9D2CAE55-071B-402A-B68C-5D2996170BA2}.Development|Any CPU.Build.0 = Debug|Any CPU
		{9D2CAE55-071B-402A-B68C-5D2996170BA2}.Release|Any CPU.ActiveCfg = Release|Any CPU
		{9D2CAE55-071B-402A-B68C-5D2996170BA2}.Release|Any CPU.Build.0 = Release|Any CPU
		{9D2CAE55-071B-402A-B68C-5D2996170BA2}.Staging|Any CPU.ActiveCfg = Staging|Any CPU
		{9D2CAE55-071B-402A-B68C-5D2996170BA2}.Staging|Any CPU.Build.0 = Staging|Any CPU
		{9D2CAE55-071B-402A-B68C-5D2996170BA2}.UAT|Any CPU.ActiveCfg = UAT|Any CPU
		{9D2CAE55-071B-402A-B68C-5D2996170BA2}.UAT|Any CPU.Build.0 = UAT|Any CPU
		{6891FD6A-6421-4D77-9597-146088878142}.Debug|Any CPU.ActiveCfg = Debug|Any CPU
		{6891FD6A-6421-4D77-9597-146088878142}.Debug|Any CPU.Build.0 = Debug|Any CPU
		{6891FD6A-6421-4D77-9597-146088878142}.Debug|Any CPU.Deploy.0 = Debug|Any CPU
		{6891FD6A-6421-4D77-9597-146088878142}.Development|Any CPU.ActiveCfg = Debug|Any CPU
		{6891FD6A-6421-4D77-9597-146088878142}.Development|Any CPU.Build.0 = Debug|Any CPU
		{6891FD6A-6421-4D77-9597-146088878142}.Development|Any CPU.Deploy.0 = Debug|Any CPU
		{6891FD6A-6421-4D77-9597-146088878142}.Release|Any CPU.ActiveCfg = Release|Any CPU
		{6891FD6A-6421-4D77-9597-146088878142}.Release|Any CPU.Build.0 = Release|Any CPU
		{6891FD6A-6421-4D77-9597-146088878142}.Release|Any CPU.Deploy.0 = Release|Any CPU
		{6891FD6A-6421-4D77-9597-146088878142}.Staging|Any CPU.ActiveCfg = Staging|Any CPU
		{6891FD6A-6421-4D77-9597-146088878142}.Staging|Any CPU.Build.0 = Staging|Any CPU
		{6891FD6A-6421-4D77-9597-146088878142}.Staging|Any CPU.Deploy.0 = Staging|Any CPU
		{6891FD6A-6421-4D77-9597-146088878142}.UAT|Any CPU.ActiveCfg = UAT|Any CPU
		{6891FD6A-6421-4D77-9597-146088878142}.UAT|Any CPU.Build.0 = UAT|Any CPU
		{6891FD6A-6421-4D77-9597-146088878142}.UAT|Any CPU.Deploy.0 = UAT|Any CPU
		{40BFA3BD-59F2-435D-ADC9-4F3CA25E5275}.Debug|Any CPU.ActiveCfg = Debug|Any CPU
		{40BFA3BD-59F2-435D-ADC9-4F3CA25E5275}.Debug|Any CPU.Build.0 = Debug|Any CPU
		{40BFA3BD-59F2-435D-ADC9-4F3CA25E5275}.Debug|Any CPU.Deploy.0 = Debug|Any CPU
		{40BFA3BD-59F2-435D-ADC9-4F3CA25E5275}.Development|Any CPU.ActiveCfg = Debug|Any CPU
		{40BFA3BD-59F2-435D-ADC9-4F3CA25E5275}.Development|Any CPU.Build.0 = Debug|Any CPU
		{40BFA3BD-59F2-435D-ADC9-4F3CA25E5275}.Development|Any CPU.Deploy.0 = Debug|Any CPU
		{40BFA3BD-59F2-435D-ADC9-4F3CA25E5275}.Release|Any CPU.ActiveCfg = Release|Any CPU
		{40BFA3BD-59F2-435D-ADC9-4F3CA25E5275}.Release|Any CPU.Build.0 = Release|Any CPU
		{40BFA3BD-59F2-435D-ADC9-4F3CA25E5275}.Release|Any CPU.Deploy.0 = Release|Any CPU
		{40BFA3BD-59F2-435D-ADC9-4F3CA25E5275}.Staging|Any CPU.ActiveCfg = Staging|Any CPU
		{40BFA3BD-59F2-435D-ADC9-4F3CA25E5275}.Staging|Any CPU.Build.0 = Staging|Any CPU
		{40BFA3BD-59F2-435D-ADC9-4F3CA25E5275}.Staging|Any CPU.Deploy.0 = Staging|Any CPU
		{40BFA3BD-59F2-435D-ADC9-4F3CA25E5275}.UAT|Any CPU.ActiveCfg = UAT|Any CPU
		{40BFA3BD-59F2-435D-ADC9-4F3CA25E5275}.UAT|Any CPU.Build.0 = UAT|Any CPU
		{40BFA3BD-59F2-435D-ADC9-4F3CA25E5275}.UAT|Any CPU.Deploy.0 = UAT|Any CPU
		{AEFE682C-42D3-46E1-81BF-C7B6CA912537}.Debug|Any CPU.ActiveCfg = Debug|Any CPU
		{AEFE682C-42D3-46E1-81BF-C7B6CA912537}.Debug|Any CPU.Build.0 = Debug|Any CPU
		{AEFE682C-42D3-46E1-81BF-C7B6CA912537}.Development|Any CPU.ActiveCfg = Debug|Any CPU
		{AEFE682C-42D3-46E1-81BF-C7B6CA912537}.Development|Any CPU.Build.0 = Debug|Any CPU
		{AEFE682C-42D3-46E1-81BF-C7B6CA912537}.Release|Any CPU.ActiveCfg = Release|Any CPU
		{AEFE682C-42D3-46E1-81BF-C7B6CA912537}.Release|Any CPU.Build.0 = Release|Any CPU
		{AEFE682C-42D3-46E1-81BF-C7B6CA912537}.Staging|Any CPU.ActiveCfg = Staging|Any CPU
		{AEFE682C-42D3-46E1-81BF-C7B6CA912537}.Staging|Any CPU.Build.0 = Staging|Any CPU
		{AEFE682C-42D3-46E1-81BF-C7B6CA912537}.UAT|Any CPU.ActiveCfg = UAT|Any CPU
		{AEFE682C-42D3-46E1-81BF-C7B6CA912537}.UAT|Any CPU.Build.0 = UAT|Any CPU
		{65C1FDE7-4802-49FB-BC28-F6480B3EA4E6}.Debug|Any CPU.ActiveCfg = Debug|Any CPU
		{65C1FDE7-4802-49FB-BC28-F6480B3EA4E6}.Debug|Any CPU.Build.0 = Debug|Any CPU
		{65C1FDE7-4802-49FB-BC28-F6480B3EA4E6}.Development|Any CPU.ActiveCfg = Debug|Any CPU
		{65C1FDE7-4802-49FB-BC28-F6480B3EA4E6}.Development|Any CPU.Build.0 = Debug|Any CPU
		{65C1FDE7-4802-49FB-BC28-F6480B3EA4E6}.Release|Any CPU.ActiveCfg = Release|Any CPU
		{65C1FDE7-4802-49FB-BC28-F6480B3EA4E6}.Release|Any CPU.Build.0 = Release|Any CPU
		{65C1FDE7-4802-49FB-BC28-F6480B3EA4E6}.Staging|Any CPU.ActiveCfg = Staging|Any CPU
		{65C1FDE7-4802-49FB-BC28-F6480B3EA4E6}.Staging|Any CPU.Build.0 = Staging|Any CPU
		{65C1FDE7-4802-49FB-BC28-F6480B3EA4E6}.UAT|Any CPU.ActiveCfg = UAT|Any CPU
		{65C1FDE7-4802-49FB-BC28-F6480B3EA4E6}.UAT|Any CPU.Build.0 = UAT|Any CPU
		{946E3599-4EB8-41AC-A7FD-EFE9D44BDA45}.Debug|Any CPU.ActiveCfg = Debug|Any CPU
		{946E3599-4EB8-41AC-A7FD-EFE9D44BDA45}.Development|Any CPU.ActiveCfg = Debug|Any CPU
		{946E3599-4EB8-41AC-A7FD-EFE9D44BDA45}.Development|Any CPU.Build.0 = Debug|Any CPU
		{946E3599-4EB8-41AC-A7FD-EFE9D44BDA45}.Release|Any CPU.ActiveCfg = Debug|Any CPU
		{946E3599-4EB8-41AC-A7FD-EFE9D44BDA45}.Staging|Any CPU.ActiveCfg = Debug|Any CPU
		{946E3599-4EB8-41AC-A7FD-EFE9D44BDA45}.UAT|Any CPU.ActiveCfg = Debug|Any CPU
		{DAD32C57-427D-437C-AE75-196720583D7B}.Debug|Any CPU.ActiveCfg = Debug|Any CPU
		{DAD32C57-427D-437C-AE75-196720583D7B}.Debug|Any CPU.Build.0 = Debug|Any CPU
		{DAD32C57-427D-437C-AE75-196720583D7B}.Development|Any CPU.ActiveCfg = Debug|Any CPU
		{DAD32C57-427D-437C-AE75-196720583D7B}.Development|Any CPU.Build.0 = Debug|Any CPU
		{DAD32C57-427D-437C-AE75-196720583D7B}.Release|Any CPU.ActiveCfg = Release|Any CPU
		{DAD32C57-427D-437C-AE75-196720583D7B}.Release|Any CPU.Build.0 = Release|Any CPU
		{DAD32C57-427D-437C-AE75-196720583D7B}.Staging|Any CPU.ActiveCfg = Staging|Any CPU
		{DAD32C57-427D-437C-AE75-196720583D7B}.Staging|Any CPU.Build.0 = Staging|Any CPU
		{DAD32C57-427D-437C-AE75-196720583D7B}.UAT|Any CPU.ActiveCfg = UAT|Any CPU
		{DAD32C57-427D-437C-AE75-196720583D7B}.UAT|Any CPU.Build.0 = UAT|Any CPU
		{0BB825FC-98BB-4FEE-94C8-DF0BAF4A999F}.Debug|Any CPU.ActiveCfg = Debug|Any CPU
		{0BB825FC-98BB-4FEE-94C8-DF0BAF4A999F}.Debug|Any CPU.Build.0 = Debug|Any CPU
		{0BB825FC-98BB-4FEE-94C8-DF0BAF4A999F}.Debug|Any CPU.Deploy.0 = Debug|Any CPU
		{0BB825FC-98BB-4FEE-94C8-DF0BAF4A999F}.Development|Any CPU.ActiveCfg = Debug|Any CPU
		{0BB825FC-98BB-4FEE-94C8-DF0BAF4A999F}.Development|Any CPU.Build.0 = Debug|Any CPU
		{0BB825FC-98BB-4FEE-94C8-DF0BAF4A999F}.Development|Any CPU.Deploy.0 = Debug|Any CPU
		{0BB825FC-98BB-4FEE-94C8-DF0BAF4A999F}.Release|Any CPU.ActiveCfg = Release|Any CPU
		{0BB825FC-98BB-4FEE-94C8-DF0BAF4A999F}.Release|Any CPU.Build.0 = Release|Any CPU
		{0BB825FC-98BB-4FEE-94C8-DF0BAF4A999F}.Release|Any CPU.Deploy.0 = Release|Any CPU
		{0BB825FC-98BB-4FEE-94C8-DF0BAF4A999F}.Staging|Any CPU.ActiveCfg = Staging|Any CPU
		{0BB825FC-98BB-4FEE-94C8-DF0BAF4A999F}.Staging|Any CPU.Build.0 = Staging|Any CPU
		{0BB825FC-98BB-4FEE-94C8-DF0BAF4A999F}.Staging|Any CPU.Deploy.0 = Staging|Any CPU
		{0BB825FC-98BB-4FEE-94C8-DF0BAF4A999F}.UAT|Any CPU.ActiveCfg = UAT|Any CPU
		{0BB825FC-98BB-4FEE-94C8-DF0BAF4A999F}.UAT|Any CPU.Build.0 = UAT|Any CPU
		{0BB825FC-98BB-4FEE-94C8-DF0BAF4A999F}.UAT|Any CPU.Deploy.0 = UAT|Any CPU
		{3799573D-2396-4A7F-8573-15BCA6B9D540}.Debug|Any CPU.ActiveCfg = Debug|Any CPU
		{3799573D-2396-4A7F-8573-15BCA6B9D540}.Debug|Any CPU.Build.0 = Debug|Any CPU
		{3799573D-2396-4A7F-8573-15BCA6B9D540}.Development|Any CPU.ActiveCfg = Debug|Any CPU
		{3799573D-2396-4A7F-8573-15BCA6B9D540}.Development|Any CPU.Build.0 = Debug|Any CPU
		{3799573D-2396-4A7F-8573-15BCA6B9D540}.Release|Any CPU.ActiveCfg = Release|Any CPU
		{3799573D-2396-4A7F-8573-15BCA6B9D540}.Release|Any CPU.Build.0 = Release|Any CPU
		{3799573D-2396-4A7F-8573-15BCA6B9D540}.Staging|Any CPU.ActiveCfg = Staging|Any CPU
		{3799573D-2396-4A7F-8573-15BCA6B9D540}.Staging|Any CPU.Build.0 = Staging|Any CPU
		{3799573D-2396-4A7F-8573-15BCA6B9D540}.UAT|Any CPU.ActiveCfg = UAT|Any CPU
		{3799573D-2396-4A7F-8573-15BCA6B9D540}.UAT|Any CPU.Build.0 = UAT|Any CPU
		{3439386B-275F-42B3-BD80-08D48FF4F7ED}.Debug|Any CPU.ActiveCfg = Debug|Any CPU
		{3439386B-275F-42B3-BD80-08D48FF4F7ED}.Development|Any CPU.ActiveCfg = Debug|Any CPU
		{3439386B-275F-42B3-BD80-08D48FF4F7ED}.Release|Any CPU.ActiveCfg = Debug|Any CPU
		{3439386B-275F-42B3-BD80-08D48FF4F7ED}.Staging|Any CPU.ActiveCfg = Debug|Any CPU
		{3439386B-275F-42B3-BD80-08D48FF4F7ED}.UAT|Any CPU.ActiveCfg = Debug|Any CPU
		{A30CE11D-F923-4F23-B85D-985B75EE6529}.Debug|Any CPU.ActiveCfg = Debug|Any CPU
		{A30CE11D-F923-4F23-B85D-985B75EE6529}.Debug|Any CPU.Build.0 = Debug|Any CPU
		{A30CE11D-F923-4F23-B85D-985B75EE6529}.Development|Any CPU.ActiveCfg = Debug|Any CPU
		{A30CE11D-F923-4F23-B85D-985B75EE6529}.Development|Any CPU.Build.0 = Debug|Any CPU
		{A30CE11D-F923-4F23-B85D-985B75EE6529}.Release|Any CPU.ActiveCfg = Release|Any CPU
		{A30CE11D-F923-4F23-B85D-985B75EE6529}.Release|Any CPU.Build.0 = Release|Any CPU
		{A30CE11D-F923-4F23-B85D-985B75EE6529}.Staging|Any CPU.ActiveCfg = Staging|Any CPU
		{A30CE11D-F923-4F23-B85D-985B75EE6529}.Staging|Any CPU.Build.0 = Staging|Any CPU
		{A30CE11D-F923-4F23-B85D-985B75EE6529}.UAT|Any CPU.ActiveCfg = UAT|Any CPU
		{A30CE11D-F923-4F23-B85D-985B75EE6529}.UAT|Any CPU.Build.0 = UAT|Any CPU
		{E866572B-394F-4262-B5E7-D7326F0B8388}.Debug|Any CPU.ActiveCfg = Debug|Any CPU
		{E866572B-394F-4262-B5E7-D7326F0B8388}.Debug|Any CPU.Build.0 = Debug|Any CPU
		{E866572B-394F-4262-B5E7-D7326F0B8388}.Development|Any CPU.ActiveCfg = Debug|Any CPU
		{E866572B-394F-4262-B5E7-D7326F0B8388}.Development|Any CPU.Build.0 = Debug|Any CPU
		{E866572B-394F-4262-B5E7-D7326F0B8388}.Release|Any CPU.ActiveCfg = Release|Any CPU
		{E866572B-394F-4262-B5E7-D7326F0B8388}.Release|Any CPU.Build.0 = Release|Any CPU
		{E866572B-394F-4262-B5E7-D7326F0B8388}.Staging|Any CPU.ActiveCfg = Staging|Any CPU
		{E866572B-394F-4262-B5E7-D7326F0B8388}.Staging|Any CPU.Build.0 = Staging|Any CPU
		{E866572B-394F-4262-B5E7-D7326F0B8388}.UAT|Any CPU.ActiveCfg = UAT|Any CPU
		{E866572B-394F-4262-B5E7-D7326F0B8388}.UAT|Any CPU.Build.0 = UAT|Any CPU
		{6F4CF833-4EAC-44B3-92DD-79F6C16606DA}.Debug|Any CPU.ActiveCfg = Debug|Any CPU
		{6F4CF833-4EAC-44B3-92DD-79F6C16606DA}.Debug|Any CPU.Build.0 = Debug|Any CPU
		{6F4CF833-4EAC-44B3-92DD-79F6C16606DA}.Development|Any CPU.ActiveCfg = Debug|Any CPU
		{6F4CF833-4EAC-44B3-92DD-79F6C16606DA}.Development|Any CPU.Build.0 = Debug|Any CPU
		{6F4CF833-4EAC-44B3-92DD-79F6C16606DA}.Release|Any CPU.ActiveCfg = Release|Any CPU
		{6F4CF833-4EAC-44B3-92DD-79F6C16606DA}.Release|Any CPU.Build.0 = Release|Any CPU
		{6F4CF833-4EAC-44B3-92DD-79F6C16606DA}.Staging|Any CPU.ActiveCfg = Staging|Any CPU
		{6F4CF833-4EAC-44B3-92DD-79F6C16606DA}.Staging|Any CPU.Build.0 = Staging|Any CPU
		{6F4CF833-4EAC-44B3-92DD-79F6C16606DA}.UAT|Any CPU.ActiveCfg = UAT|Any CPU
		{6F4CF833-4EAC-44B3-92DD-79F6C16606DA}.UAT|Any CPU.Build.0 = UAT|Any CPU
		{674631C7-4224-4B52-8BFE-7F5084E705F8}.Debug|Any CPU.ActiveCfg = Debug|Any CPU
		{674631C7-4224-4B52-8BFE-7F5084E705F8}.Debug|Any CPU.Build.0 = Debug|Any CPU
		{674631C7-4224-4B52-8BFE-7F5084E705F8}.Debug|Any CPU.Deploy.0 = Debug|Any CPU
		{674631C7-4224-4B52-8BFE-7F5084E705F8}.Development|Any CPU.ActiveCfg = Debug|Any CPU
		{674631C7-4224-4B52-8BFE-7F5084E705F8}.Development|Any CPU.Build.0 = Debug|Any CPU
		{674631C7-4224-4B52-8BFE-7F5084E705F8}.Development|Any CPU.Deploy.0 = Debug|Any CPU
		{674631C7-4224-4B52-8BFE-7F5084E705F8}.Release|Any CPU.ActiveCfg = Release|Any CPU
		{674631C7-4224-4B52-8BFE-7F5084E705F8}.Release|Any CPU.Build.0 = Release|Any CPU
		{674631C7-4224-4B52-8BFE-7F5084E705F8}.Release|Any CPU.Deploy.0 = Release|Any CPU
		{674631C7-4224-4B52-8BFE-7F5084E705F8}.Staging|Any CPU.ActiveCfg = Staging|Any CPU
		{674631C7-4224-4B52-8BFE-7F5084E705F8}.Staging|Any CPU.Build.0 = Staging|Any CPU
		{674631C7-4224-4B52-8BFE-7F5084E705F8}.Staging|Any CPU.Deploy.0 = Staging|Any CPU
		{674631C7-4224-4B52-8BFE-7F5084E705F8}.UAT|Any CPU.ActiveCfg = UAT|Any CPU
		{674631C7-4224-4B52-8BFE-7F5084E705F8}.UAT|Any CPU.Build.0 = UAT|Any CPU
		{674631C7-4224-4B52-8BFE-7F5084E705F8}.UAT|Any CPU.Deploy.0 = UAT|Any CPU
		{A91B6D6E-C056-44B7-A1A8-E12F02411E36}.Debug|Any CPU.ActiveCfg = Debug|Any CPU
		{A91B6D6E-C056-44B7-A1A8-E12F02411E36}.Debug|Any CPU.Build.0 = Debug|Any CPU
		{A91B6D6E-C056-44B7-A1A8-E12F02411E36}.Development|Any CPU.ActiveCfg = Debug|Any CPU
		{A91B6D6E-C056-44B7-A1A8-E12F02411E36}.Development|Any CPU.Build.0 = Debug|Any CPU
		{A91B6D6E-C056-44B7-A1A8-E12F02411E36}.Release|Any CPU.ActiveCfg = Release|Any CPU
		{A91B6D6E-C056-44B7-A1A8-E12F02411E36}.Release|Any CPU.Build.0 = Release|Any CPU
		{A91B6D6E-C056-44B7-A1A8-E12F02411E36}.Staging|Any CPU.ActiveCfg = Staging|Any CPU
		{A91B6D6E-C056-44B7-A1A8-E12F02411E36}.Staging|Any CPU.Build.0 = Staging|Any CPU
		{A91B6D6E-C056-44B7-A1A8-E12F02411E36}.UAT|Any CPU.ActiveCfg = UAT|Any CPU
		{A91B6D6E-C056-44B7-A1A8-E12F02411E36}.UAT|Any CPU.Build.0 = UAT|Any CPU
		{41900BFD-5E18-448F-A0E1-00B5FA838137}.Debug|Any CPU.ActiveCfg = Debug|Any CPU
		{41900BFD-5E18-448F-A0E1-00B5FA838137}.Development|Any CPU.ActiveCfg = Debug|Any CPU
		{41900BFD-5E18-448F-A0E1-00B5FA838137}.Release|Any CPU.ActiveCfg = Release|Any CPU
		{41900BFD-5E18-448F-A0E1-00B5FA838137}.Staging|Any CPU.ActiveCfg = Staging|Any CPU
		{41900BFD-5E18-448F-A0E1-00B5FA838137}.UAT|Any CPU.ActiveCfg = UAT|Any CPU
		{422517B8-6B06-4479-9F8F-0217388A6340}.Debug|Any CPU.ActiveCfg = Debug|Any CPU
		{422517B8-6B06-4479-9F8F-0217388A6340}.Debug|Any CPU.Build.0 = Debug|Any CPU
		{422517B8-6B06-4479-9F8F-0217388A6340}.Development|Any CPU.ActiveCfg = Debug|Any CPU
		{422517B8-6B06-4479-9F8F-0217388A6340}.Development|Any CPU.Build.0 = Debug|Any CPU
		{422517B8-6B06-4479-9F8F-0217388A6340}.Release|Any CPU.ActiveCfg = Release|Any CPU
		{422517B8-6B06-4479-9F8F-0217388A6340}.Release|Any CPU.Build.0 = Release|Any CPU
		{422517B8-6B06-4479-9F8F-0217388A6340}.Staging|Any CPU.ActiveCfg = Staging|Any CPU
		{422517B8-6B06-4479-9F8F-0217388A6340}.Staging|Any CPU.Build.0 = Staging|Any CPU
		{422517B8-6B06-4479-9F8F-0217388A6340}.UAT|Any CPU.ActiveCfg = UAT|Any CPU
		{422517B8-6B06-4479-9F8F-0217388A6340}.UAT|Any CPU.Build.0 = UAT|Any CPU
		{D1BAB4D4-C6C4-4809-8BC7-1A40644222CC}.Debug|Any CPU.ActiveCfg = Development
		{D1BAB4D4-C6C4-4809-8BC7-1A40644222CC}.Development|Any CPU.ActiveCfg = Development
		{D1BAB4D4-C6C4-4809-8BC7-1A40644222CC}.Release|Any CPU.ActiveCfg = Development
		{D1BAB4D4-C6C4-4809-8BC7-1A40644222CC}.Staging|Any CPU.ActiveCfg = Development
		{D1BAB4D4-C6C4-4809-8BC7-1A40644222CC}.UAT|Any CPU.ActiveCfg = Development
		{8972673A-D21F-46D7-8DB2-93C27C399219}.Debug|Any CPU.ActiveCfg = Debug|Any CPU
		{8972673A-D21F-46D7-8DB2-93C27C399219}.Debug|Any CPU.Build.0 = Debug|Any CPU
		{8972673A-D21F-46D7-8DB2-93C27C399219}.Development|Any CPU.ActiveCfg = Debug|Any CPU
		{8972673A-D21F-46D7-8DB2-93C27C399219}.Development|Any CPU.Build.0 = Debug|Any CPU
		{8972673A-D21F-46D7-8DB2-93C27C399219}.Release|Any CPU.ActiveCfg = Release|Any CPU
		{8972673A-D21F-46D7-8DB2-93C27C399219}.Release|Any CPU.Build.0 = Release|Any CPU
		{8972673A-D21F-46D7-8DB2-93C27C399219}.Staging|Any CPU.ActiveCfg = Staging|Any CPU
		{8972673A-D21F-46D7-8DB2-93C27C399219}.Staging|Any CPU.Build.0 = Staging|Any CPU
		{8972673A-D21F-46D7-8DB2-93C27C399219}.UAT|Any CPU.ActiveCfg = UAT|Any CPU
		{8972673A-D21F-46D7-8DB2-93C27C399219}.UAT|Any CPU.Build.0 = UAT|Any CPU
		{0F7B1DB0-B89B-46A2-A902-0800D32D436B}.Debug|Any CPU.ActiveCfg = Development
		{0F7B1DB0-B89B-46A2-A902-0800D32D436B}.Debug|Any CPU.Build.0 = Development
		{0F7B1DB0-B89B-46A2-A902-0800D32D436B}.Development|Any CPU.ActiveCfg = Development
		{0F7B1DB0-B89B-46A2-A902-0800D32D436B}.Development|Any CPU.Build.0 = Development
		{0F7B1DB0-B89B-46A2-A902-0800D32D436B}.Release|Any CPU.ActiveCfg = Development
		{0F7B1DB0-B89B-46A2-A902-0800D32D436B}.Release|Any CPU.Build.0 = Development
		{0F7B1DB0-B89B-46A2-A902-0800D32D436B}.Staging|Any CPU.ActiveCfg = Development
		{0F7B1DB0-B89B-46A2-A902-0800D32D436B}.Staging|Any CPU.Build.0 = Development
		{0F7B1DB0-B89B-46A2-A902-0800D32D436B}.UAT|Any CPU.ActiveCfg = Development
		{0F7B1DB0-B89B-46A2-A902-0800D32D436B}.UAT|Any CPU.Build.0 = Development
	EndGlobalSection
	GlobalSection(SolutionProperties) = preSolution
		HideSolutionNode = FALSE
	EndGlobalSection
	GlobalSection(ExtensibilityGlobals) = postSolution
		SolutionGuid = {18893518-26B8-4844-8CBD-A956D1134830}
	EndGlobalSection
EndGlobal
